
Microsoft Visual Studio Solution File, Format Version 12.00
# Visual Studio Version 16
VisualStudioVersion = 16.0.31205.134
MinimumVisualStudioVersion = 10.0.40219.1
Project("{FAE04EC0-301F-11D3-BF4B-00C04F79EFBC}") = "ExpensesManager", "ExpensesManager\ExpensesManager.csproj", "{181B9DA9-A0C5-474B-B989-83E661DF44B7}"
EndProject
Global
	GlobalSection(SolutionConfigurationPlatforms) = preSolution
		Debug|Any CPU = Debug|Any CPU
		Release|Any CPU = Release|Any CPU
	EndGlobalSection
	GlobalSection(ProjectConfigurationPlatforms) = postSolution
		{181B9DA9-A0C5-474B-B989-83E661DF44B7}.Debug|Any CPU.ActiveCfg = Debug|Any CPU
		{181B9DA9-A0C5-474B-B989-83E661DF44B7}.Debug|Any CPU.Build.0 = Debug|Any CPU
		{181B9DA9-A0C5-474B-B989-83E661DF44B7}.Release|Any CPU.ActiveCfg = Release|Any CPU
		{181B9DA9-A0C5-474B-B989-83E661DF44B7}.Release|Any CPU.Build.0 = Release|Any CPU
	EndGlobalSection
	GlobalSection(SolutionProperties) = preSolution
		HideSolutionNode = FALSE
	EndGlobalSection
	GlobalSection(ExtensibilityGlobals) = postSolution
		SolutionGuid = {DE86A3CB-EA90-42BE-8188-BB9333EE371C}
	EndGlobalSection
EndGlobal
